// !$*UTF8*$!
{
	archiveVersion = 1;
	classes = {
	};
	objectVersion = 50;
	objects = {

/* Begin PBXBuildFile section */
		065BD139246069737B34C66D /* libPods-ItemManagement-ItemManagementUITests.a in Frameworks */ = {isa = PBXBuildFile; fileRef = 99817B04EC82EFDA2AE558D6 /* libPods-ItemManagement-ItemManagementUITests.a */; };
		12561B0D245FD16F003BA3F4 /* VCWeeklyList.swift in Sources */ = {isa = PBXBuildFile; fileRef = 12561B0C245FD16F003BA3F4 /* VCWeeklyList.swift */; };
		12561B0F245FD1BA003BA3F4 /* VCCalendar.swift in Sources */ = {isa = PBXBuildFile; fileRef = 12561B0E245FD1BA003BA3F4 /* VCCalendar.swift */; };
		12561B11245FE76B003BA3F4 /* VCHomeTabBar + UI.swift in Sources */ = {isa = PBXBuildFile; fileRef = 12561B10245FE76B003BA3F4 /* VCHomeTabBar + UI.swift */; };
		12571639246085CD000998A1 /* KeyString.swift in Sources */ = {isa = PBXBuildFile; fileRef = 12571638246085CD000998A1 /* KeyString.swift */; };
		1257163D24609C9D000998A1 /* UIViewController.swift in Sources */ = {isa = PBXBuildFile; fileRef = 1257163C24609C9D000998A1 /* UIViewController.swift */; };
		1262D81724604F050068F801 /* UIColor.swift in Sources */ = {isa = PBXBuildFile; fileRef = 1262D81624604F050068F801 /* UIColor.swift */; };
		1262D81A246056540068F801 /* Theme.swift in Sources */ = {isa = PBXBuildFile; fileRef = 1262D819246056540068F801 /* Theme.swift */; };
		126F732624600E3500AC08CC /* Home.xcassets in Resources */ = {isa = PBXBuildFile; fileRef = 126F732524600E3500AC08CC /* Home.xcassets */; };
		12A5BDA0245E65BC001C2431 /* AppDelegate.swift in Sources */ = {isa = PBXBuildFile; fileRef = 12A5BD9F245E65BC001C2431 /* AppDelegate.swift */; };
		12A5BDA2245E65BC001C2431 /* SceneDelegate.swift in Sources */ = {isa = PBXBuildFile; fileRef = 12A5BDA1245E65BC001C2431 /* SceneDelegate.swift */; };
		12A5BDA4245E65BC001C2431 /* ContentView.swift in Sources */ = {isa = PBXBuildFile; fileRef = 12A5BDA3245E65BC001C2431 /* ContentView.swift */; };
		12A5BDA6245E65BE001C2431 /* Assets.xcassets in Resources */ = {isa = PBXBuildFile; fileRef = 12A5BDA5245E65BE001C2431 /* Assets.xcassets */; };
		12A5BDA9245E65BE001C2431 /* Preview Assets.xcassets in Resources */ = {isa = PBXBuildFile; fileRef = 12A5BDA8245E65BE001C2431 /* Preview Assets.xcassets */; };
		12A5BDAC245E65BE001C2431 /* LaunchScreen.storyboard in Resources */ = {isa = PBXBuildFile; fileRef = 12A5BDAA245E65BE001C2431 /* LaunchScreen.storyboard */; };
		12A5BDB7245E65BE001C2431 /* ItemManagementTests.swift in Sources */ = {isa = PBXBuildFile; fileRef = 12A5BDB6245E65BE001C2431 /* ItemManagementTests.swift */; };
		12A5BDC2245E65BE001C2431 /* ItemManagementUITests.swift in Sources */ = {isa = PBXBuildFile; fileRef = 12A5BDC1245E65BE001C2431 /* ItemManagementUITests.swift */; };
		12A5BDD2245E673D001C2431 /* VCHomeTabBar.swift in Sources */ = {isa = PBXBuildFile; fileRef = 12A5BDD1245E673D001C2431 /* VCHomeTabBar.swift */; };
		197E61FE38C123BF987E4E71 /* libPods-ItemManagementTests.a in Frameworks */ = {isa = PBXBuildFile; fileRef = 037494DEA7A64E541984B067 /* libPods-ItemManagementTests.a */; };
		F1E6AF3F5942C828CCA6B864 /* libPods-ItemManagement.a in Frameworks */ = {isa = PBXBuildFile; fileRef = 4AFF782C3AC5C85BF82083D7 /* libPods-ItemManagement.a */; };
/* End PBXBuildFile section */

/* Begin PBXContainerItemProxy section */
		12A5BDB3245E65BE001C2431 /* PBXContainerItemProxy */ = {
			isa = PBXContainerItemProxy;
			containerPortal = 12A5BD94245E65BC001C2431 /* Project object */;
			proxyType = 1;
			remoteGlobalIDString = 12A5BD9B245E65BC001C2431;
			remoteInfo = ItemManagement;
		};
		12A5BDBE245E65BE001C2431 /* PBXContainerItemProxy */ = {
			isa = PBXContainerItemProxy;
			containerPortal = 12A5BD94245E65BC001C2431 /* Project object */;
			proxyType = 1;
			remoteGlobalIDString = 12A5BD9B245E65BC001C2431;
			remoteInfo = ItemManagement;
		};
/* End PBXContainerItemProxy section */

/* Begin PBXFileReference section */
		0260DD302C3C28F3A054231E /* Pods-ItemManagement.release.xcconfig */ = {isa = PBXFileReference; includeInIndex = 1; lastKnownFileType = text.xcconfig; name = "Pods-ItemManagement.release.xcconfig"; path = "Target Support Files/Pods-ItemManagement/Pods-ItemManagement.release.xcconfig"; sourceTree = "<group>"; };
		037494DEA7A64E541984B067 /* libPods-ItemManagementTests.a */ = {isa = PBXFileReference; explicitFileType = archive.ar; includeInIndex = 0; path = "libPods-ItemManagementTests.a"; sourceTree = BUILT_PRODUCTS_DIR; };
		12561B0C245FD16F003BA3F4 /* VCWeeklyList.swift */ = {isa = PBXFileReference; lastKnownFileType = sourcecode.swift; path = VCWeeklyList.swift; sourceTree = "<group>"; };
		12561B0E245FD1BA003BA3F4 /* VCCalendar.swift */ = {isa = PBXFileReference; lastKnownFileType = sourcecode.swift; path = VCCalendar.swift; sourceTree = "<group>"; };
		12561B10245FE76B003BA3F4 /* VCHomeTabBar + UI.swift */ = {isa = PBXFileReference; lastKnownFileType = sourcecode.swift; path = "VCHomeTabBar + UI.swift"; sourceTree = "<group>"; };
		12571638246085CD000998A1 /* KeyString.swift */ = {isa = PBXFileReference; lastKnownFileType = sourcecode.swift; path = KeyString.swift; sourceTree = "<group>"; };
		1257163C24609C9D000998A1 /* UIViewController.swift */ = {isa = PBXFileReference; lastKnownFileType = sourcecode.swift; path = UIViewController.swift; sourceTree = "<group>"; };
		1262D81624604F050068F801 /* UIColor.swift */ = {isa = PBXFileReference; lastKnownFileType = sourcecode.swift; path = UIColor.swift; sourceTree = "<group>"; };
		1262D819246056540068F801 /* Theme.swift */ = {isa = PBXFileReference; lastKnownFileType = sourcecode.swift; path = Theme.swift; sourceTree = "<group>"; };
		126F732524600E3500AC08CC /* Home.xcassets */ = {isa = PBXFileReference; lastKnownFileType = folder.assetcatalog; path = Home.xcassets; sourceTree = "<group>"; };
		12A5BD9C245E65BC001C2431 /* ItemManagement.app */ = {isa = PBXFileReference; explicitFileType = wrapper.application; includeInIndex = 0; path = ItemManagement.app; sourceTree = BUILT_PRODUCTS_DIR; };
		12A5BD9F245E65BC001C2431 /* AppDelegate.swift */ = {isa = PBXFileReference; lastKnownFileType = sourcecode.swift; path = AppDelegate.swift; sourceTree = "<group>"; };
		12A5BDA1245E65BC001C2431 /* SceneDelegate.swift */ = {isa = PBXFileReference; lastKnownFileType = sourcecode.swift; path = SceneDelegate.swift; sourceTree = "<group>"; };
		12A5BDA3245E65BC001C2431 /* ContentView.swift */ = {isa = PBXFileReference; lastKnownFileType = sourcecode.swift; path = ContentView.swift; sourceTree = "<group>"; };
		12A5BDA5245E65BE001C2431 /* Assets.xcassets */ = {isa = PBXFileReference; lastKnownFileType = folder.assetcatalog; path = Assets.xcassets; sourceTree = "<group>"; };
		12A5BDA8245E65BE001C2431 /* Preview Assets.xcassets */ = {isa = PBXFileReference; lastKnownFileType = folder.assetcatalog; path = "Preview Assets.xcassets"; sourceTree = "<group>"; };
		12A5BDAB245E65BE001C2431 /* Base */ = {isa = PBXFileReference; lastKnownFileType = file.storyboard; name = Base; path = Base.lproj/LaunchScreen.storyboard; sourceTree = "<group>"; };
		12A5BDAD245E65BE001C2431 /* Info.plist */ = {isa = PBXFileReference; lastKnownFileType = text.plist.xml; path = Info.plist; sourceTree = "<group>"; };
		12A5BDB2245E65BE001C2431 /* ItemManagementTests.xctest */ = {isa = PBXFileReference; explicitFileType = wrapper.cfbundle; includeInIndex = 0; path = ItemManagementTests.xctest; sourceTree = BUILT_PRODUCTS_DIR; };
		12A5BDB6245E65BE001C2431 /* ItemManagementTests.swift */ = {isa = PBXFileReference; lastKnownFileType = sourcecode.swift; path = ItemManagementTests.swift; sourceTree = "<group>"; };
		12A5BDB8245E65BE001C2431 /* Info.plist */ = {isa = PBXFileReference; lastKnownFileType = text.plist.xml; path = Info.plist; sourceTree = "<group>"; };
		12A5BDBD245E65BE001C2431 /* ItemManagementUITests.xctest */ = {isa = PBXFileReference; explicitFileType = wrapper.cfbundle; includeInIndex = 0; path = ItemManagementUITests.xctest; sourceTree = BUILT_PRODUCTS_DIR; };
		12A5BDC1245E65BE001C2431 /* ItemManagementUITests.swift */ = {isa = PBXFileReference; lastKnownFileType = sourcecode.swift; path = ItemManagementUITests.swift; sourceTree = "<group>"; };
		12A5BDC3245E65BE001C2431 /* Info.plist */ = {isa = PBXFileReference; lastKnownFileType = text.plist.xml; path = Info.plist; sourceTree = "<group>"; };
		12A5BDD1245E673D001C2431 /* VCHomeTabBar.swift */ = {isa = PBXFileReference; lastKnownFileType = sourcecode.swift; path = VCHomeTabBar.swift; sourceTree = "<group>"; };
		477A462FB6AE95C89051EA55 /* Pods-ItemManagement.debug.xcconfig */ = {isa = PBXFileReference; includeInIndex = 1; lastKnownFileType = text.xcconfig; name = "Pods-ItemManagement.debug.xcconfig"; path = "Target Support Files/Pods-ItemManagement/Pods-ItemManagement.debug.xcconfig"; sourceTree = "<group>"; };
		4AFF782C3AC5C85BF82083D7 /* libPods-ItemManagement.a */ = {isa = PBXFileReference; explicitFileType = archive.ar; includeInIndex = 0; path = "libPods-ItemManagement.a"; sourceTree = BUILT_PRODUCTS_DIR; };
		4FD0CF984F8EECEEE491B1EB /* Pods-ItemManagementTests.debug.xcconfig */ = {isa = PBXFileReference; includeInIndex = 1; lastKnownFileType = text.xcconfig; name = "Pods-ItemManagementTests.debug.xcconfig"; path = "Target Support Files/Pods-ItemManagementTests/Pods-ItemManagementTests.debug.xcconfig"; sourceTree = "<group>"; };
		520BA191B35E79B367EBABE9 /* Pods-ItemManagement-ItemManagementUITests.debug.xcconfig */ = {isa = PBXFileReference; includeInIndex = 1; lastKnownFileType = text.xcconfig; name = "Pods-ItemManagement-ItemManagementUITests.debug.xcconfig"; path = "Target Support Files/Pods-ItemManagement-ItemManagementUITests/Pods-ItemManagement-ItemManagementUITests.debug.xcconfig"; sourceTree = "<group>"; };
		880FBA71F62062093B6ECC05 /* Pods-ItemManagementTests.release.xcconfig */ = {isa = PBXFileReference; includeInIndex = 1; lastKnownFileType = text.xcconfig; name = "Pods-ItemManagementTests.release.xcconfig"; path = "Target Support Files/Pods-ItemManagementTests/Pods-ItemManagementTests.release.xcconfig"; sourceTree = "<group>"; };
		99817B04EC82EFDA2AE558D6 /* libPods-ItemManagement-ItemManagementUITests.a */ = {isa = PBXFileReference; explicitFileType = archive.ar; includeInIndex = 0; path = "libPods-ItemManagement-ItemManagementUITests.a"; sourceTree = BUILT_PRODUCTS_DIR; };
		A0658EF99D407A75F6121100 /* Pods-ItemManagement-ItemManagementUITests.release.xcconfig */ = {isa = PBXFileReference; includeInIndex = 1; lastKnownFileType = text.xcconfig; name = "Pods-ItemManagement-ItemManagementUITests.release.xcconfig"; path = "Target Support Files/Pods-ItemManagement-ItemManagementUITests/Pods-ItemManagement-ItemManagementUITests.release.xcconfig"; sourceTree = "<group>"; };
/* End PBXFileReference section */

/* Begin PBXFrameworksBuildPhase section */
		12A5BD99245E65BC001C2431 /* Frameworks */ = {
			isa = PBXFrameworksBuildPhase;
			buildActionMask = 2147483647;
			files = (
				F1E6AF3F5942C828CCA6B864 /* libPods-ItemManagement.a in Frameworks */,
			);
			runOnlyForDeploymentPostprocessing = 0;
		};
		12A5BDAF245E65BE001C2431 /* Frameworks */ = {
			isa = PBXFrameworksBuildPhase;
			buildActionMask = 2147483647;
			files = (
				197E61FE38C123BF987E4E71 /* libPods-ItemManagementTests.a in Frameworks */,
			);
			runOnlyForDeploymentPostprocessing = 0;
		};
		12A5BDBA245E65BE001C2431 /* Frameworks */ = {
			isa = PBXFrameworksBuildPhase;
			buildActionMask = 2147483647;
			files = (
				065BD139246069737B34C66D /* libPods-ItemManagement-ItemManagementUITests.a in Frameworks */,
			);
			runOnlyForDeploymentPostprocessing = 0;
		};
/* End PBXFrameworksBuildPhase section */

/* Begin PBXGroup section */
		12561B0A245FD091003BA3F4 /*  WeeklyList */ = {
			isa = PBXGroup;
			children = (
				12561B0C245FD16F003BA3F4 /* VCWeeklyList.swift */,
			);
			path = " WeeklyList";
			sourceTree = "<group>";
		};
		12561B0B245FD0EE003BA3F4 /* Calendar */ = {
			isa = PBXGroup;
			children = (
				12561B0E245FD1BA003BA3F4 /* VCCalendar.swift */,
			);
			path = Calendar;
			sourceTree = "<group>";
		};
		12561B13245FFAAF003BA3F4 /* Code */ = {
			isa = PBXGroup;
			children = (
				12A5BD9F245E65BC001C2431 /* AppDelegate.swift */,
				12A5BDA1245E65BC001C2431 /* SceneDelegate.swift */,
				12571637246085AD000998A1 /* KeyString */,
				1262D818246056490068F801 /* Theme */,
				12561B14245FFAC1003BA3F4 /* Extension */,
				12A5BDD0245E6606001C2431 /* Home */,
			);
			path = Code;
			sourceTree = "<group>";
		};
		12561B14245FFAC1003BA3F4 /* Extension */ = {
			isa = PBXGroup;
			children = (
				1262D81624604F050068F801 /* UIColor.swift */,
				1257163C24609C9D000998A1 /* UIViewController.swift */,
			);
			path = Extension;
			sourceTree = "<group>";
		};
		12571637246085AD000998A1 /* KeyString */ = {
			isa = PBXGroup;
			children = (
				12571638246085CD000998A1 /* KeyString.swift */,
			);
			path = KeyString;
			sourceTree = "<group>";
		};
		1258B3D324600601006D2E35 /* TabBar */ = {
			isa = PBXGroup;
			children = (
				12A5BDD1245E673D001C2431 /* VCHomeTabBar.swift */,
				12561B10245FE76B003BA3F4 /* VCHomeTabBar + UI.swift */,
			);
			path = TabBar;
			sourceTree = "<group>";
		};
		1262D818246056490068F801 /* Theme */ = {
			isa = PBXGroup;
			children = (
				1262D819246056540068F801 /* Theme.swift */,
			);
			path = Theme;
			sourceTree = "<group>";
		};
		12A5BD93245E65BC001C2431 = {
			isa = PBXGroup;
			children = (
				12A5BDB5245E65BE001C2431 /* ItemManagementTests */,
				12A5BDC0245E65BE001C2431 /* ItemManagementUITests */,
				12A5BD9D245E65BC001C2431 /* Products */,
				44C663C52834B45AE2F765E1 /* Pods */,
				4DBA328A3E2733CCAD9616E7 /* Frameworks */,
				12A5BD9E245E65BC001C2431 /* ItemManagement */,
				12561B13245FFAAF003BA3F4 /* Code */,
			);
			sourceTree = "<group>";
		};
		12A5BD9D245E65BC001C2431 /* Products */ = {
			isa = PBXGroup;
			children = (
				12A5BD9C245E65BC001C2431 /* ItemManagement.app */,
				12A5BDB2245E65BE001C2431 /* ItemManagementTests.xctest */,
				12A5BDBD245E65BE001C2431 /* ItemManagementUITests.xctest */,
			);
			name = Products;
			sourceTree = "<group>";
		};
		12A5BD9E245E65BC001C2431 /* ItemManagement */ = {
			isa = PBXGroup;
			children = (
				12A5BDA5245E65BE001C2431 /* Assets.xcassets */,
				12A5BDAD245E65BE001C2431 /* Info.plist */,
				12A5BDCF245E65DC001C2431 /* Default */,
				12A5BDA7245E65BE001C2431 /* Preview Content */,
			);
			path = ItemManagement;
			sourceTree = "<group>";
		};
		12A5BDA7245E65BE001C2431 /* Preview Content */ = {
			isa = PBXGroup;
			children = (
				12A5BDA8245E65BE001C2431 /* Preview Assets.xcassets */,
			);
			path = "Preview Content";
			sourceTree = "<group>";
		};
		12A5BDB5245E65BE001C2431 /* ItemManagementTests */ = {
			isa = PBXGroup;
			children = (
				12A5BDB6245E65BE001C2431 /* ItemManagementTests.swift */,
				12A5BDB8245E65BE001C2431 /* Info.plist */,
			);
			path = ItemManagementTests;
			sourceTree = "<group>";
		};
		12A5BDC0245E65BE001C2431 /* ItemManagementUITests */ = {
			isa = PBXGroup;
			children = (
				12A5BDC1245E65BE001C2431 /* ItemManagementUITests.swift */,
				12A5BDC3245E65BE001C2431 /* Info.plist */,
			);
			path = ItemManagementUITests;
			sourceTree = "<group>";
		};
		12A5BDCF245E65DC001C2431 /* Default */ = {
			isa = PBXGroup;
			children = (
				12A5BDA3245E65BC001C2431 /* ContentView.swift */,
				12A5BDAA245E65BE001C2431 /* LaunchScreen.storyboard */,
			);
			path = Default;
			sourceTree = "<group>";
		};
		12A5BDD0245E6606001C2431 /* Home */ = {
			isa = PBXGroup;
			children = (
				1258B3D324600601006D2E35 /* TabBar */,
				12561B0B245FD0EE003BA3F4 /* Calendar */,
				12561B0A245FD091003BA3F4 /*  WeeklyList */,
				126F732524600E3500AC08CC /* Home.xcassets */,
			);
			path = Home;
			sourceTree = "<group>";
		};
		44C663C52834B45AE2F765E1 /* Pods */ = {
			isa = PBXGroup;
			children = (
				477A462FB6AE95C89051EA55 /* Pods-ItemManagement.debug.xcconfig */,
				0260DD302C3C28F3A054231E /* Pods-ItemManagement.release.xcconfig */,
				520BA191B35E79B367EBABE9 /* Pods-ItemManagement-ItemManagementUITests.debug.xcconfig */,
				A0658EF99D407A75F6121100 /* Pods-ItemManagement-ItemManagementUITests.release.xcconfig */,
				4FD0CF984F8EECEEE491B1EB /* Pods-ItemManagementTests.debug.xcconfig */,
				880FBA71F62062093B6ECC05 /* Pods-ItemManagementTests.release.xcconfig */,
			);
			path = Pods;
			sourceTree = "<group>";
		};
		4DBA328A3E2733CCAD9616E7 /* Frameworks */ = {
			isa = PBXGroup;
			children = (
				4AFF782C3AC5C85BF82083D7 /* libPods-ItemManagement.a */,
				99817B04EC82EFDA2AE558D6 /* libPods-ItemManagement-ItemManagementUITests.a */,
				037494DEA7A64E541984B067 /* libPods-ItemManagementTests.a */,
			);
			name = Frameworks;
			sourceTree = "<group>";
		};
/* End PBXGroup section */

/* Begin PBXNativeTarget section */
		12A5BD9B245E65BC001C2431 /* ItemManagement */ = {
			isa = PBXNativeTarget;
			buildConfigurationList = 12A5BDC6245E65BE001C2431 /* Build configuration list for PBXNativeTarget "ItemManagement" */;
			buildPhases = (
				893F6E66B62C15969BCEC771 /* [CP] Check Pods Manifest.lock */,
				12A5BD98245E65BC001C2431 /* Sources */,
				12A5BD99245E65BC001C2431 /* Frameworks */,
				12A5BD9A245E65BC001C2431 /* Resources */,
			);
			buildRules = (
			);
			dependencies = (
			);
			name = ItemManagement;
			productName = ItemManagement;
			productReference = 12A5BD9C245E65BC001C2431 /* ItemManagement.app */;
			productType = "com.apple.product-type.application";
		};
		12A5BDB1245E65BE001C2431 /* ItemManagementTests */ = {
			isa = PBXNativeTarget;
			buildConfigurationList = 12A5BDC9245E65BE001C2431 /* Build configuration list for PBXNativeTarget "ItemManagementTests" */;
			buildPhases = (
				CB0DBE6EEAEC2F1EC8B94ECE /* [CP] Check Pods Manifest.lock */,
				12A5BDAE245E65BE001C2431 /* Sources */,
				12A5BDAF245E65BE001C2431 /* Frameworks */,
				12A5BDB0245E65BE001C2431 /* Resources */,
			);
			buildRules = (
			);
			dependencies = (
				12A5BDB4245E65BE001C2431 /* PBXTargetDependency */,
			);
			name = ItemManagementTests;
			productName = ItemManagementTests;
			productReference = 12A5BDB2245E65BE001C2431 /* ItemManagementTests.xctest */;
			productType = "com.apple.product-type.bundle.unit-test";
		};
		12A5BDBC245E65BE001C2431 /* ItemManagementUITests */ = {
			isa = PBXNativeTarget;
			buildConfigurationList = 12A5BDCC245E65BE001C2431 /* Build configuration list for PBXNativeTarget "ItemManagementUITests" */;
			buildPhases = (
				E8C5D45ACDAFB59237833C8E /* [CP] Check Pods Manifest.lock */,
				12A5BDB9245E65BE001C2431 /* Sources */,
				12A5BDBA245E65BE001C2431 /* Frameworks */,
				12A5BDBB245E65BE001C2431 /* Resources */,
			);
			buildRules = (
			);
			dependencies = (
				12A5BDBF245E65BE001C2431 /* PBXTargetDependency */,
			);
			name = ItemManagementUITests;
			productName = ItemManagementUITests;
			productReference = 12A5BDBD245E65BE001C2431 /* ItemManagementUITests.xctest */;
			productType = "com.apple.product-type.bundle.ui-testing";
		};
/* End PBXNativeTarget section */

/* Begin PBXProject section */
		12A5BD94245E65BC001C2431 /* Project object */ = {
			isa = PBXProject;
			attributes = {
				LastSwiftUpdateCheck = 1140;
				LastUpgradeCheck = 1140;
				ORGANIZATIONNAME = Asu;
				TargetAttributes = {
					12A5BD9B245E65BC001C2431 = {
						CreatedOnToolsVersion = 11.4;
					};
					12A5BDB1245E65BE001C2431 = {
						CreatedOnToolsVersion = 11.4;
						TestTargetID = 12A5BD9B245E65BC001C2431;
					};
					12A5BDBC245E65BE001C2431 = {
						CreatedOnToolsVersion = 11.4;
						TestTargetID = 12A5BD9B245E65BC001C2431;
					};
				};
			};
			buildConfigurationList = 12A5BD97245E65BC001C2431 /* Build configuration list for PBXProject "ItemManagement" */;
			compatibilityVersion = "Xcode 9.3";
			developmentRegion = en;
			hasScannedForEncodings = 0;
			knownRegions = (
				en,
				Base,
			);
			mainGroup = 12A5BD93245E65BC001C2431;
			productRefGroup = 12A5BD9D245E65BC001C2431 /* Products */;
			projectDirPath = "";
			projectRoot = "";
			targets = (
				12A5BD9B245E65BC001C2431 /* ItemManagement */,
				12A5BDB1245E65BE001C2431 /* ItemManagementTests */,
				12A5BDBC245E65BE001C2431 /* ItemManagementUITests */,
			);
		};
/* End PBXProject section */

/* Begin PBXResourcesBuildPhase section */
		12A5BD9A245E65BC001C2431 /* Resources */ = {
			isa = PBXResourcesBuildPhase;
			buildActionMask = 2147483647;
			files = (
				12A5BDAC245E65BE001C2431 /* LaunchScreen.storyboard in Resources */,
				12A5BDA9245E65BE001C2431 /* Preview Assets.xcassets in Resources */,
				126F732624600E3500AC08CC /* Home.xcassets in Resources */,
				12A5BDA6245E65BE001C2431 /* Assets.xcassets in Resources */,
			);
			runOnlyForDeploymentPostprocessing = 0;
		};
		12A5BDB0245E65BE001C2431 /* Resources */ = {
			isa = PBXResourcesBuildPhase;
			buildActionMask = 2147483647;
			files = (
			);
			runOnlyForDeploymentPostprocessing = 0;
		};
		12A5BDBB245E65BE001C2431 /* Resources */ = {
			isa = PBXResourcesBuildPhase;
			buildActionMask = 2147483647;
			files = (
			);
			runOnlyForDeploymentPostprocessing = 0;
		};
/* End PBXResourcesBuildPhase section */

/* Begin PBXShellScriptBuildPhase section */
		893F6E66B62C15969BCEC771 /* [CP] Check Pods Manifest.lock */ = {
			isa = PBXShellScriptBuildPhase;
			buildActionMask = 2147483647;
			files = (
			);
			inputFileListPaths = (
			);
			inputPaths = (
				"${PODS_PODFILE_DIR_PATH}/Podfile.lock",
				"${PODS_ROOT}/Manifest.lock",
			);
			name = "[CP] Check Pods Manifest.lock";
			outputFileListPaths = (
			);
			outputPaths = (
				"$(DERIVED_FILE_DIR)/Pods-ItemManagement-checkManifestLockResult.txt",
			);
			runOnlyForDeploymentPostprocessing = 0;
			shellPath = /bin/sh;
			shellScript = "diff \"${PODS_PODFILE_DIR_PATH}/Podfile.lock\" \"${PODS_ROOT}/Manifest.lock\" > /dev/null\nif [ $? != 0 ] ; then\n    # print error to STDERR\n    echo \"error: The sandbox is not in sync with the Podfile.lock. Run 'pod install' or update your CocoaPods installation.\" >&2\n    exit 1\nfi\n# This output is used by Xcode 'outputs' to avoid re-running this script phase.\necho \"SUCCESS\" > \"${SCRIPT_OUTPUT_FILE_0}\"\n";
			showEnvVarsInLog = 0;
		};
		CB0DBE6EEAEC2F1EC8B94ECE /* [CP] Check Pods Manifest.lock */ = {
			isa = PBXShellScriptBuildPhase;
			buildActionMask = 2147483647;
			files = (
			);
			inputFileListPaths = (
			);
			inputPaths = (
				"${PODS_PODFILE_DIR_PATH}/Podfile.lock",
				"${PODS_ROOT}/Manifest.lock",
			);
			name = "[CP] Check Pods Manifest.lock";
			outputFileListPaths = (
			);
			outputPaths = (
				"$(DERIVED_FILE_DIR)/Pods-ItemManagementTests-checkManifestLockResult.txt",
			);
			runOnlyForDeploymentPostprocessing = 0;
			shellPath = /bin/sh;
			shellScript = "diff \"${PODS_PODFILE_DIR_PATH}/Podfile.lock\" \"${PODS_ROOT}/Manifest.lock\" > /dev/null\nif [ $? != 0 ] ; then\n    # print error to STDERR\n    echo \"error: The sandbox is not in sync with the Podfile.lock. Run 'pod install' or update your CocoaPods installation.\" >&2\n    exit 1\nfi\n# This output is used by Xcode 'outputs' to avoid re-running this script phase.\necho \"SUCCESS\" > \"${SCRIPT_OUTPUT_FILE_0}\"\n";
			showEnvVarsInLog = 0;
		};
		E8C5D45ACDAFB59237833C8E /* [CP] Check Pods Manifest.lock */ = {
			isa = PBXShellScriptBuildPhase;
			buildActionMask = 2147483647;
			files = (
			);
			inputFileListPaths = (
			);
			inputPaths = (
				"${PODS_PODFILE_DIR_PATH}/Podfile.lock",
				"${PODS_ROOT}/Manifest.lock",
			);
			name = "[CP] Check Pods Manifest.lock";
			outputFileListPaths = (
			);
			outputPaths = (
				"$(DERIVED_FILE_DIR)/Pods-ItemManagement-ItemManagementUITests-checkManifestLockResult.txt",
			);
			runOnlyForDeploymentPostprocessing = 0;
			shellPath = /bin/sh;
			shellScript = "diff \"${PODS_PODFILE_DIR_PATH}/Podfile.lock\" \"${PODS_ROOT}/Manifest.lock\" > /dev/null\nif [ $? != 0 ] ; then\n    # print error to STDERR\n    echo \"error: The sandbox is not in sync with the Podfile.lock. Run 'pod install' or update your CocoaPods installation.\" >&2\n    exit 1\nfi\n# This output is used by Xcode 'outputs' to avoid re-running this script phase.\necho \"SUCCESS\" > \"${SCRIPT_OUTPUT_FILE_0}\"\n";
			showEnvVarsInLog = 0;
		};
/* End PBXShellScriptBuildPhase section */

/* Begin PBXSourcesBuildPhase section */
		12A5BD98245E65BC001C2431 /* Sources */ = {
			isa = PBXSourcesBuildPhase;
			buildActionMask = 2147483647;
			files = (
				12A5BDA0245E65BC001C2431 /* AppDelegate.swift in Sources */,
				12561B0D245FD16F003BA3F4 /* VCWeeklyList.swift in Sources */,
				1257163D24609C9D000998A1 /* UIViewController.swift in Sources */,
				12561B0F245FD1BA003BA3F4 /* VCCalendar.swift in Sources */,
				1262D81724604F050068F801 /* UIColor.swift in Sources */,
				12A5BDA2245E65BC001C2431 /* SceneDelegate.swift in Sources */,
				12A5BDA4245E65BC001C2431 /* ContentView.swift in Sources */,
				12571639246085CD000998A1 /* KeyString.swift in Sources */,
				1262D81A246056540068F801 /* Theme.swift in Sources */,
				12561B11245FE76B003BA3F4 /* VCHomeTabBar + UI.swift in Sources */,
				12A5BDD2245E673D001C2431 /* VCHomeTabBar.swift in Sources */,
			);
			runOnlyForDeploymentPostprocessing = 0;
		};
		12A5BDAE245E65BE001C2431 /* Sources */ = {
			isa = PBXSourcesBuildPhase;
			buildActionMask = 2147483647;
			files = (
				12A5BDB7245E65BE001C2431 /* ItemManagementTests.swift in Sources */,
			);
			runOnlyForDeploymentPostprocessing = 0;
		};
		12A5BDB9245E65BE001C2431 /* Sources */ = {
			isa = PBXSourcesBuildPhase;
			buildActionMask = 2147483647;
			files = (
				12A5BDC2245E65BE001C2431 /* ItemManagementUITests.swift in Sources */,
			);
			runOnlyForDeploymentPostprocessing = 0;
		};
/* End PBXSourcesBuildPhase section */

/* Begin PBXTargetDependency section */
		12A5BDB4245E65BE001C2431 /* PBXTargetDependency */ = {
			isa = PBXTargetDependency;
			target = 12A5BD9B245E65BC001C2431 /* ItemManagement */;
			targetProxy = 12A5BDB3245E65BE001C2431 /* PBXContainerItemProxy */;
		};
		12A5BDBF245E65BE001C2431 /* PBXTargetDependency */ = {
			isa = PBXTargetDependency;
			target = 12A5BD9B245E65BC001C2431 /* ItemManagement */;
			targetProxy = 12A5BDBE245E65BE001C2431 /* PBXContainerItemProxy */;
		};
/* End PBXTargetDependency section */

/* Begin PBXVariantGroup section */
		12A5BDAA245E65BE001C2431 /* LaunchScreen.storyboard */ = {
			isa = PBXVariantGroup;
			children = (
				12A5BDAB245E65BE001C2431 /* Base */,
			);
			name = LaunchScreen.storyboard;
			sourceTree = "<group>";
		};
/* End PBXVariantGroup section */

/* Begin XCBuildConfiguration section */
		12A5BDC4245E65BE001C2431 /* Debug */ = {
			isa = XCBuildConfiguration;
			buildSettings = {
				ALWAYS_SEARCH_USER_PATHS = NO;
				CLANG_ANALYZER_NONNULL = YES;
				CLANG_ANALYZER_NUMBER_OBJECT_CONVERSION = YES_AGGRESSIVE;
				CLANG_CXX_LANGUAGE_STANDARD = "gnu++14";
				CLANG_CXX_LIBRARY = "libc++";
				CLANG_ENABLE_MODULES = YES;
				CLANG_ENABLE_OBJC_ARC = YES;
				CLANG_ENABLE_OBJC_WEAK = YES;
				CLANG_WARN_BLOCK_CAPTURE_AUTORELEASING = YES;
				CLANG_WARN_BOOL_CONVERSION = YES;
				CLANG_WARN_COMMA = YES;
				CLANG_WARN_CONSTANT_CONVERSION = YES;
				CLANG_WARN_DEPRECATED_OBJC_IMPLEMENTATIONS = YES;
				CLANG_WARN_DIRECT_OBJC_ISA_USAGE = YES_ERROR;
				CLANG_WARN_DOCUMENTATION_COMMENTS = YES;
				CLANG_WARN_EMPTY_BODY = YES;
				CLANG_WARN_ENUM_CONVERSION = YES;
				CLANG_WARN_INFINITE_RECURSION = YES;
				CLANG_WARN_INT_CONVERSION = YES;
				CLANG_WARN_NON_LITERAL_NULL_CONVERSION = YES;
				CLANG_WARN_OBJC_IMPLICIT_RETAIN_SELF = YES;
				CLANG_WARN_OBJC_LITERAL_CONVERSION = YES;
				CLANG_WARN_OBJC_ROOT_CLASS = YES_ERROR;
				CLANG_WARN_RANGE_LOOP_ANALYSIS = YES;
				CLANG_WARN_STRICT_PROTOTYPES = YES;
				CLANG_WARN_SUSPICIOUS_MOVE = YES;
				CLANG_WARN_UNGUARDED_AVAILABILITY = YES_AGGRESSIVE;
				CLANG_WARN_UNREACHABLE_CODE = YES;
				CLANG_WARN__DUPLICATE_METHOD_MATCH = YES;
				COPY_PHASE_STRIP = NO;
				DEBUG_INFORMATION_FORMAT = dwarf;
				ENABLE_STRICT_OBJC_MSGSEND = YES;
				ENABLE_TESTABILITY = YES;
				GCC_C_LANGUAGE_STANDARD = gnu11;
				GCC_DYNAMIC_NO_PIC = NO;
				GCC_NO_COMMON_BLOCKS = YES;
				GCC_OPTIMIZATION_LEVEL = 0;
				GCC_PREPROCESSOR_DEFINITIONS = (
					"DEBUG=1",
					"$(inherited)",
				);
				GCC_WARN_64_TO_32_BIT_CONVERSION = YES;
				GCC_WARN_ABOUT_RETURN_TYPE = YES_ERROR;
				GCC_WARN_UNDECLARED_SELECTOR = YES;
				GCC_WARN_UNINITIALIZED_AUTOS = YES_AGGRESSIVE;
				GCC_WARN_UNUSED_FUNCTION = YES;
				GCC_WARN_UNUSED_VARIABLE = YES;
				IPHONEOS_DEPLOYMENT_TARGET = 13.4;
				MTL_ENABLE_DEBUG_INFO = INCLUDE_SOURCE;
				MTL_FAST_MATH = YES;
				ONLY_ACTIVE_ARCH = YES;
				SDKROOT = iphoneos;
				SWIFT_ACTIVE_COMPILATION_CONDITIONS = DEBUG;
				SWIFT_OPTIMIZATION_LEVEL = "-Onone";
			};
			name = Debug;
		};
		12A5BDC5245E65BE001C2431 /* Release */ = {
			isa = XCBuildConfiguration;
			buildSettings = {
				ALWAYS_SEARCH_USER_PATHS = NO;
				CLANG_ANALYZER_NONNULL = YES;
				CLANG_ANALYZER_NUMBER_OBJECT_CONVERSION = YES_AGGRESSIVE;
				CLANG_CXX_LANGUAGE_STANDARD = "gnu++14";
				CLANG_CXX_LIBRARY = "libc++";
				CLANG_ENABLE_MODULES = YES;
				CLANG_ENABLE_OBJC_ARC = YES;
				CLANG_ENABLE_OBJC_WEAK = YES;
				CLANG_WARN_BLOCK_CAPTURE_AUTORELEASING = YES;
				CLANG_WARN_BOOL_CONVERSION = YES;
				CLANG_WARN_COMMA = YES;
				CLANG_WARN_CONSTANT_CONVERSION = YES;
				CLANG_WARN_DEPRECATED_OBJC_IMPLEMENTATIONS = YES;
				CLANG_WARN_DIRECT_OBJC_ISA_USAGE = YES_ERROR;
				CLANG_WARN_DOCUMENTATION_COMMENTS = YES;
				CLANG_WARN_EMPTY_BODY = YES;
				CLANG_WARN_ENUM_CONVERSION = YES;
				CLANG_WARN_INFINITE_RECURSION = YES;
				CLANG_WARN_INT_CONVERSION = YES;
				CLANG_WARN_NON_LITERAL_NULL_CONVERSION = YES;
				CLANG_WARN_OBJC_IMPLICIT_RETAIN_SELF = YES;
				CLANG_WARN_OBJC_LITERAL_CONVERSION = YES;
				CLANG_WARN_OBJC_ROOT_CLASS = YES_ERROR;
				CLANG_WARN_RANGE_LOOP_ANALYSIS = YES;
				CLANG_WARN_STRICT_PROTOTYPES = YES;
				CLANG_WARN_SUSPICIOUS_MOVE = YES;
				CLANG_WARN_UNGUARDED_AVAILABILITY = YES_AGGRESSIVE;
				CLANG_WARN_UNREACHABLE_CODE = YES;
				CLANG_WARN__DUPLICATE_METHOD_MATCH = YES;
				COPY_PHASE_STRIP = NO;
				DEBUG_INFORMATION_FORMAT = "dwarf-with-dsym";
				ENABLE_NS_ASSERTIONS = NO;
				ENABLE_STRICT_OBJC_MSGSEND = YES;
				GCC_C_LANGUAGE_STANDARD = gnu11;
				GCC_NO_COMMON_BLOCKS = YES;
				GCC_WARN_64_TO_32_BIT_CONVERSION = YES;
				GCC_WARN_ABOUT_RETURN_TYPE = YES_ERROR;
				GCC_WARN_UNDECLARED_SELECTOR = YES;
				GCC_WARN_UNINITIALIZED_AUTOS = YES_AGGRESSIVE;
				GCC_WARN_UNUSED_FUNCTION = YES;
				GCC_WARN_UNUSED_VARIABLE = YES;
				IPHONEOS_DEPLOYMENT_TARGET = 13.4;
				MTL_ENABLE_DEBUG_INFO = NO;
				MTL_FAST_MATH = YES;
				SDKROOT = iphoneos;
				SWIFT_COMPILATION_MODE = wholemodule;
				SWIFT_OPTIMIZATION_LEVEL = "-O";
				VALIDATE_PRODUCT = YES;
			};
			name = Release;
		};
		12A5BDC7245E65BE001C2431 /* Debug */ = {
			isa = XCBuildConfiguration;
			baseConfigurationReference = 477A462FB6AE95C89051EA55 /* Pods-ItemManagement.debug.xcconfig */;
			buildSettings = {
				ASSETCATALOG_COMPILER_APPICON_NAME = AppIcon;
				CODE_SIGN_STYLE = Automatic;
				DEVELOPMENT_ASSET_PATHS = "\"ItemManagement/Preview Content\"";
				DEVELOPMENT_TEAM = 2R2YYN4YZ8;
				ENABLE_PREVIEWS = YES;
				INFOPLIST_FILE = ItemManagement/Info.plist;
				IPHONEOS_DEPLOYMENT_TARGET = 13.0;
				LD_RUNPATH_SEARCH_PATHS = (
					"$(inherited)",
					"@executable_path/Frameworks",
				);
				PRODUCT_BUNDLE_IDENTIFIER = com.asuproject.testproject.ItemManagement;
				PRODUCT_NAME = "$(TARGET_NAME)";
				SWIFT_VERSION = 5.0;
				TARGETED_DEVICE_FAMILY = "1,2";
			};
			name = Debug;
		};
		12A5BDC8245E65BE001C2431 /* Release */ = {
			isa = XCBuildConfiguration;
			baseConfigurationReference = 0260DD302C3C28F3A054231E /* Pods-ItemManagement.release.xcconfig */;
			buildSettings = {
				ASSETCATALOG_COMPILER_APPICON_NAME = AppIcon;
				CODE_SIGN_STYLE = Automatic;
				DEVELOPMENT_ASSET_PATHS = "\"ItemManagement/Preview Content\"";
				DEVELOPMENT_TEAM = 2R2YYN4YZ8;
				ENABLE_PREVIEWS = YES;
				INFOPLIST_FILE = ItemManagement/Info.plist;
				IPHONEOS_DEPLOYMENT_TARGET = 13.0;
				LD_RUNPATH_SEARCH_PATHS = (
					"$(inherited)",
					"@executable_path/Frameworks",
				);
				PRODUCT_BUNDLE_IDENTIFIER = com.asuproject.testproject.ItemManagement;
				PRODUCT_NAME = "$(TARGET_NAME)";
				SWIFT_VERSION = 5.0;
				TARGETED_DEVICE_FAMILY = "1,2";
			};
			name = Release;
		};
		12A5BDCA245E65BE001C2431 /* Debug */ = {
			isa = XCBuildConfiguration;
			baseConfigurationReference = 4FD0CF984F8EECEEE491B1EB /* Pods-ItemManagementTests.debug.xcconfig */;
			buildSettings = {
				ALWAYS_EMBED_SWIFT_STANDARD_LIBRARIES = YES;
				BUNDLE_LOADER = "$(TEST_HOST)";
				CODE_SIGN_STYLE = Automatic;
				DEVELOPMENT_TEAM = 2R2YYN4YZ8;
				INFOPLIST_FILE = ItemManagementTests/Info.plist;
				IPHONEOS_DEPLOYMENT_TARGET = 13.4;
				LD_RUNPATH_SEARCH_PATHS = (
					"$(inherited)",
					"@executable_path/Frameworks",
					"@loader_path/Frameworks",
				);
				PRODUCT_BUNDLE_IDENTIFIER = com.asuproject.testproject.ItemManagementTests;
				PRODUCT_NAME = "$(TARGET_NAME)";
				SWIFT_VERSION = 5.0;
				TARGETED_DEVICE_FAMILY = "1,2";
				TEST_HOST = "$(BUILT_PRODUCTS_DIR)/ItemManagement.app/ItemManagement";
			};
			name = Debug;
		};
		12A5BDCB245E65BE001C2431 /* Release */ = {
			isa = XCBuildConfiguration;
			baseConfigurationReference = 880FBA71F62062093B6ECC05 /* Pods-ItemManagementTests.release.xcconfig */;
			buildSettings = {
				ALWAYS_EMBED_SWIFT_STANDARD_LIBRARIES = YES;
				BUNDLE_LOADER = "$(TEST_HOST)";
				CODE_SIGN_STYLE = Automatic;
				DEVELOPMENT_TEAM = 2R2YYN4YZ8;
				INFOPLIST_FILE = ItemManagementTests/Info.plist;
				IPHONEOS_DEPLOYMENT_TARGET = 13.4;
				LD_RUNPATH_SEARCH_PATHS = (
					"$(inherited)",
					"@executable_path/Frameworks",
					"@loader_path/Frameworks",
				);
				PRODUCT_BUNDLE_IDENTIFIER = com.asuproject.testproject.ItemManagementTests;
				PRODUCT_NAME = "$(TARGET_NAME)";
				SWIFT_VERSION = 5.0;
				TARGETED_DEVICE_FAMILY = "1,2";
				TEST_HOST = "$(BUILT_PRODUCTS_DIR)/ItemManagement.app/ItemManagement";
			};
			name = Release;
		};
		12A5BDCD245E65BE001C2431 /* Debug */ = {
			isa = XCBuildConfiguration;
			baseConfigurationReference = 520BA191B35E79B367EBABE9 /* Pods-ItemManagement-ItemManagementUITests.debug.xcconfig */;
			buildSettings = {
				ALWAYS_EMBED_SWIFT_STANDARD_LIBRARIES = YES;
				CODE_SIGN_STYLE = Automatic;
				DEVELOPMENT_TEAM = 2R2YYN4YZ8;
				INFOPLIST_FILE = ItemManagementUITests/Info.plist;
				LD_RUNPATH_SEARCH_PATHS = (
					"$(inherited)",
					"@executable_path/Frameworks",
					"@loader_path/Frameworks",
				);
				PRODUCT_BUNDLE_IDENTIFIER = com.asuproject.testproject.ItemManagementUITests;
				PRODUCT_NAME = "$(TARGET_NAME)";
				SWIFT_VERSION = 5.0;
				TARGETED_DEVICE_FAMILY = "1,2";
				TEST_TARGET_NAME = ItemManagement;
			};
			name = Debug;
		};
		12A5BDCE245E65BE001C2431 /* Release */ = {
			isa = XCBuildConfiguration;
			baseConfigurationReference = A0658EF99D407A75F6121100 /* Pods-ItemManagement-ItemManagementUITests.release.xcconfig */;
			buildSettings = {
				ALWAYS_EMBED_SWIFT_STANDARD_LIBRARIES = YES;
				CODE_SIGN_STYLE = Automatic;
				DEVELOPMENT_TEAM = 2R2YYN4YZ8;
				INFOPLIST_FILE = ItemManagementUITests/Info.plist;
				LD_RUNPATH_SEARCH_PATHS = (
					"$(inherited)",
					"@executable_path/Frameworks",
					"@loader_path/Frameworks",
				);
				PRODUCT_BUNDLE_IDENTIFIER = com.asuproject.testproject.ItemManagementUITests;
				PRODUCT_NAME = "$(TARGET_NAME)";
				SWIFT_VERSION = 5.0;
				TARGETED_DEVICE_FAMILY = "1,2";
				TEST_TARGET_NAME = ItemManagement;
			};
			name = Release;
		};
/* End XCBuildConfiguration section */

/* Begin XCConfigurationList section */
		12A5BD97245E65BC001C2431 /* Build configuration list for PBXProject "ItemManagement" */ = {
			isa = XCConfigurationList;
			buildConfigurations = (
				12A5BDC4245E65BE001C2431 /* Debug */,
				12A5BDC5245E65BE001C2431 /* Release */,
			);
			defaultConfigurationIsVisible = 0;
			defaultConfigurationName = Release;
		};
		12A5BDC6245E65BE001C2431 /* Build configuration list for PBXNativeTarget "ItemManagement" */ = {
			isa = XCConfigurationList;
			buildConfigurations = (
				12A5BDC7245E65BE001C2431 /* Debug */,
				12A5BDC8245E65BE001C2431 /* Release */,
			);
			defaultConfigurationIsVisible = 0;
			defaultConfigurationName = Release;
		};
		12A5BDC9245E65BE001C2431 /* Build configuration list for PBXNativeTarget "ItemManagementTests" */ = {
			isa = XCConfigurationList;
			buildConfigurations = (
				12A5BDCA245E65BE001C2431 /* Debug */,
				12A5BDCB245E65BE001C2431 /* Release */,
			);
			defaultConfigurationIsVisible = 0;
			defaultConfigurationName = Release;
		};
		12A5BDCC245E65BE001C2431 /* Build configuration list for PBXNativeTarget "ItemManagementUITests" */ = {
			isa = XCConfigurationList;
			buildConfigurations = (
				12A5BDCD245E65BE001C2431 /* Debug */,
				12A5BDCE245E65BE001C2431 /* Release */,
			);
			defaultConfigurationIsVisible = 0;
			defaultConfigurationName = Release;
		};
/* End XCConfigurationList section */
	};
	rootObject = 12A5BD94245E65BC001C2431 /* Project object */;
}
